
Microsoft Visual Studio Solution File, Format Version 12.00
# Visual Studio Version 17
VisualStudioVersion = 17.5.002.0
MinimumVisualStudioVersion = 10.0.40219.1
Project("{9A19103F-16F7-4668-BE54-9A1E7A4F7556}") = "KAHA.TravelBot.NETCoreReactApp", "KAHA.TravelBot.NETCoreReactApp.csproj", "{A16C41CC-C23C-4FF6-BC09-3F75CAF6ED38}"
EndProject
Global
	GlobalSection(SolutionConfigurationPlatforms) = preSolution
		Debug|Any CPU = Debug|Any CPU
		Release|Any CPU = Release|Any CPU
	EndGlobalSection
	GlobalSection(ProjectConfigurationPlatforms) = postSolution
		{A16C41CC-C23C-4FF6-BC09-3F75CAF6ED38}.Debug|Any CPU.ActiveCfg = Debug|Any CPU
		{A16C41CC-C23C-4FF6-BC09-3F75CAF6ED38}.Debug|Any CPU.Build.0 = Debug|Any CPU
		{A16C41CC-C23C-4FF6-BC09-3F75CAF6ED38}.Release|Any CPU.ActiveCfg = Release|Any CPU
		{A16C41CC-C23C-4FF6-BC09-3F75CAF6ED38}.Release|Any CPU.Build.0 = Release|Any CPU
	EndGlobalSection
	GlobalSection(SolutionProperties) = preSolution
		HideSolutionNode = FALSE
	EndGlobalSection
	GlobalSection(ExtensibilityGlobals) = postSolution
		SolutionGuid = {5992689A-D687-41A2-B4BB-F26A898C59C9}
	EndGlobalSection
EndGlobal
